// !$*UTF8*$!
{
	archiveVersion = 1;
	classes = {
	};
	objectVersion = 55;
	objects = {

/* Begin PBXBuildFile section */
		9EA818A9282BC4E20055EE42 /* Twitter_CloneApp.swift in Sources */ = {isa = PBXBuildFile; fileRef = 9EA818A8282BC4E20055EE42 /* Twitter_CloneApp.swift */; };
		9EA818AB282BC4E20055EE42 /* ContentView.swift in Sources */ = {isa = PBXBuildFile; fileRef = 9EA818AA282BC4E20055EE42 /* ContentView.swift */; };
		9EA818AD282BC4E30055EE42 /* Assets.xcassets in Resources */ = {isa = PBXBuildFile; fileRef = 9EA818AC282BC4E30055EE42 /* Assets.xcassets */; };
		9EA818B0282BC4E30055EE42 /* Preview Assets.xcassets in Resources */ = {isa = PBXBuildFile; fileRef = 9EA818AF282BC4E30055EE42 /* Preview Assets.xcassets */; };
		9EA818BA282BC4E30055EE42 /* Twitter_CloneTests.swift in Sources */ = {isa = PBXBuildFile; fileRef = 9EA818B9282BC4E30055EE42 /* Twitter_CloneTests.swift */; };
		9EA818C4282BC4E30055EE42 /* Twitter_CloneUITests.swift in Sources */ = {isa = PBXBuildFile; fileRef = 9EA818C3282BC4E30055EE42 /* Twitter_CloneUITests.swift */; };
		9EA818C6282BC4E30055EE42 /* Twitter_CloneUITestsLaunchTests.swift in Sources */ = {isa = PBXBuildFile; fileRef = 9EA818C5282BC4E30055EE42 /* Twitter_CloneUITestsLaunchTests.swift */; };
		9EA818DB282BC5EC0055EE42 /* FeedView.swift in Sources */ = {isa = PBXBuildFile; fileRef = 9EA818DA282BC5EC0055EE42 /* FeedView.swift */; };
		9EA818DE282BC63E0055EE42 /* TweetRowView.swift in Sources */ = {isa = PBXBuildFile; fileRef = 9EA818DD282BC63E0055EE42 /* TweetRowView.swift */; };
		9EA818E1282BCF820055EE42 /* MainTabView.swift in Sources */ = {isa = PBXBuildFile; fileRef = 9EA818E0282BCF820055EE42 /* MainTabView.swift */; };
		9EA818E7282BD5090055EE42 /* ExploreView.swift in Sources */ = {isa = PBXBuildFile; fileRef = 9EA818E6282BD5090055EE42 /* ExploreView.swift */; };
		9EA818E9282BD5260055EE42 /* MessagesView.swift in Sources */ = {isa = PBXBuildFile; fileRef = 9EA818E8282BD5260055EE42 /* MessagesView.swift */; };
		9EA818EB282BD5390055EE42 /* ProfileView.swift in Sources */ = {isa = PBXBuildFile; fileRef = 9EA818EA282BD5390055EE42 /* ProfileView.swift */; };
		9EA818ED282BD5490055EE42 /* NotificationView.swift in Sources */ = {isa = PBXBuildFile; fileRef = 9EA818EC282BD5490055EE42 /* NotificationView.swift */; };
/* End PBXBuildFile section */

/* Begin PBXContainerItemProxy section */
		9EA818B6282BC4E30055EE42 /* PBXContainerItemProxy */ = {
			isa = PBXContainerItemProxy;
			containerPortal = 9EA8189D282BC4E20055EE42 /* Project object */;
			proxyType = 1;
			remoteGlobalIDString = 9EA818A4282BC4E20055EE42;
			remoteInfo = "Twitter Clone";
		};
		9EA818C0282BC4E30055EE42 /* PBXContainerItemProxy */ = {
			isa = PBXContainerItemProxy;
			containerPortal = 9EA8189D282BC4E20055EE42 /* Project object */;
			proxyType = 1;
			remoteGlobalIDString = 9EA818A4282BC4E20055EE42;
			remoteInfo = "Twitter Clone";
		};
/* End PBXContainerItemProxy section */

/* Begin PBXFileReference section */
		9EA818A5282BC4E20055EE42 /* Twitter Clone.app */ = {isa = PBXFileReference; explicitFileType = wrapper.application; includeInIndex = 0; path = "Twitter Clone.app"; sourceTree = BUILT_PRODUCTS_DIR; };
		9EA818A8282BC4E20055EE42 /* Twitter_CloneApp.swift */ = {isa = PBXFileReference; lastKnownFileType = sourcecode.swift; path = Twitter_CloneApp.swift; sourceTree = "<group>"; };
		9EA818AA282BC4E20055EE42 /* ContentView.swift */ = {isa = PBXFileReference; lastKnownFileType = sourcecode.swift; path = ContentView.swift; sourceTree = "<group>"; };
		9EA818AC282BC4E30055EE42 /* Assets.xcassets */ = {isa = PBXFileReference; lastKnownFileType = folder.assetcatalog; path = Assets.xcassets; sourceTree = "<group>"; };
		9EA818AF282BC4E30055EE42 /* Preview Assets.xcassets */ = {isa = PBXFileReference; lastKnownFileType = folder.assetcatalog; path = "Preview Assets.xcassets"; sourceTree = "<group>"; };
		9EA818B5282BC4E30055EE42 /* Twitter CloneTests.xctest */ = {isa = PBXFileReference; explicitFileType = wrapper.cfbundle; includeInIndex = 0; path = "Twitter CloneTests.xctest"; sourceTree = BUILT_PRODUCTS_DIR; };
		9EA818B9282BC4E30055EE42 /* Twitter_CloneTests.swift */ = {isa = PBXFileReference; lastKnownFileType = sourcecode.swift; path = Twitter_CloneTests.swift; sourceTree = "<group>"; };
		9EA818BF282BC4E30055EE42 /* Twitter CloneUITests.xctest */ = {isa = PBXFileReference; explicitFileType = wrapper.cfbundle; includeInIndex = 0; path = "Twitter CloneUITests.xctest"; sourceTree = BUILT_PRODUCTS_DIR; };
		9EA818C3282BC4E30055EE42 /* Twitter_CloneUITests.swift */ = {isa = PBXFileReference; lastKnownFileType = sourcecode.swift; path = Twitter_CloneUITests.swift; sourceTree = "<group>"; };
		9EA818C5282BC4E30055EE42 /* Twitter_CloneUITestsLaunchTests.swift */ = {isa = PBXFileReference; lastKnownFileType = sourcecode.swift; path = Twitter_CloneUITestsLaunchTests.swift; sourceTree = "<group>"; };
		9EA818DA282BC5EC0055EE42 /* FeedView.swift */ = {isa = PBXFileReference; lastKnownFileType = sourcecode.swift; path = FeedView.swift; sourceTree = "<group>"; };
		9EA818DD282BC63E0055EE42 /* TweetRowView.swift */ = {isa = PBXFileReference; lastKnownFileType = sourcecode.swift; path = TweetRowView.swift; sourceTree = "<group>"; };
		9EA818E0282BCF820055EE42 /* MainTabView.swift */ = {isa = PBXFileReference; lastKnownFileType = sourcecode.swift; path = MainTabView.swift; sourceTree = "<group>"; };
		9EA818E6282BD5090055EE42 /* ExploreView.swift */ = {isa = PBXFileReference; lastKnownFileType = sourcecode.swift; path = ExploreView.swift; sourceTree = "<group>"; };
		9EA818E8282BD5260055EE42 /* MessagesView.swift */ = {isa = PBXFileReference; lastKnownFileType = sourcecode.swift; path = MessagesView.swift; sourceTree = "<group>"; };
		9EA818EA282BD5390055EE42 /* ProfileView.swift */ = {isa = PBXFileReference; lastKnownFileType = sourcecode.swift; path = ProfileView.swift; sourceTree = "<group>"; };
		9EA818EC282BD5490055EE42 /* NotificationView.swift */ = {isa = PBXFileReference; lastKnownFileType = sourcecode.swift; path = NotificationView.swift; sourceTree = "<group>"; };
/* End PBXFileReference section */

/* Begin PBXFrameworksBuildPhase section */
		9EA818A2282BC4E20055EE42 /* Frameworks */ = {
			isa = PBXFrameworksBuildPhase;
			buildActionMask = 2147483647;
			files = (
			);
			runOnlyForDeploymentPostprocessing = 0;
		};
		9EA818B2282BC4E30055EE42 /* Frameworks */ = {
			isa = PBXFrameworksBuildPhase;
			buildActionMask = 2147483647;
			files = (
			);
			runOnlyForDeploymentPostprocessing = 0;
		};
		9EA818BC282BC4E30055EE42 /* Frameworks */ = {
			isa = PBXFrameworksBuildPhase;
			buildActionMask = 2147483647;
			files = (
			);
			runOnlyForDeploymentPostprocessing = 0;
		};
/* End PBXFrameworksBuildPhase section */

/* Begin PBXGroup section */
		9EA8189C282BC4E20055EE42 = {
			isa = PBXGroup;
			children = (
				9EA818A7282BC4E20055EE42 /* Twitter Clone */,
				9EA818B8282BC4E30055EE42 /* Twitter CloneTests */,
				9EA818C2282BC4E30055EE42 /* Twitter CloneUITests */,
				9EA818A6282BC4E20055EE42 /* Products */,
			);
			sourceTree = "<group>";
		};
		9EA818A6282BC4E20055EE42 /* Products */ = {
			isa = PBXGroup;
			children = (
				9EA818A5282BC4E20055EE42 /* Twitter Clone.app */,
				9EA818B5282BC4E30055EE42 /* Twitter CloneTests.xctest */,
				9EA818BF282BC4E30055EE42 /* Twitter CloneUITests.xctest */,
			);
			name = Products;
			sourceTree = "<group>";
		};
		9EA818A7282BC4E20055EE42 /* Twitter Clone */ = {
			isa = PBXGroup;
			children = (
				9EA818D5282BC5280055EE42 /* Extensions */,
				9EA818D4282BC5260055EE42 /* Models */,
				9EA818D3282BC5230055EE42 /* Services */,
				9EA818D2282BC5200055EE42 /* Cores */,
				9EA818A8282BC4E20055EE42 /* Twitter_CloneApp.swift */,
				9EA818AA282BC4E20055EE42 /* ContentView.swift */,
				9EA818AC282BC4E30055EE42 /* Assets.xcassets */,
				9EA818AE282BC4E30055EE42 /* Preview Content */,
			);
			path = "Twitter Clone";
			sourceTree = "<group>";
		};
		9EA818AE282BC4E30055EE42 /* Preview Content */ = {
			isa = PBXGroup;
			children = (
				9EA818AF282BC4E30055EE42 /* Preview Assets.xcassets */,
			);
			path = "Preview Content";
			sourceTree = "<group>";
		};
		9EA818B8282BC4E30055EE42 /* Twitter CloneTests */ = {
			isa = PBXGroup;
			children = (
				9EA818B9282BC4E30055EE42 /* Twitter_CloneTests.swift */,
			);
			path = "Twitter CloneTests";
			sourceTree = "<group>";
		};
		9EA818C2282BC4E30055EE42 /* Twitter CloneUITests */ = {
			isa = PBXGroup;
			children = (
				9EA818C3282BC4E30055EE42 /* Twitter_CloneUITests.swift */,
				9EA818C5282BC4E30055EE42 /* Twitter_CloneUITestsLaunchTests.swift */,
			);
			path = "Twitter CloneUITests";
			sourceTree = "<group>";
		};
		9EA818D2282BC5200055EE42 /* Cores */ = {
			isa = PBXGroup;
			children = (
				9EA818D7282BC52F0055EE42 /* Components */,
				9EA818DF282BCF690055EE42 /* MainTab */,
				9EA818E5282BD46A0055EE42 /* Notifications */,
				9EA818E4282BD42B0055EE42 /* Profile */,
				9EA818E3282BD4260055EE42 /* Explore */,
				9EA818E2282BD41B0055EE42 /* Messages */,
				9EA818D6282BC52D0055EE42 /* Feeds */,
			);
			path = Cores;
			sourceTree = "<group>";
		};
		9EA818D3282BC5230055EE42 /* Services */ = {
			isa = PBXGroup;
			children = (
			);
			path = Services;
			sourceTree = "<group>";
		};
		9EA818D4282BC5260055EE42 /* Models */ = {
			isa = PBXGroup;
			children = (
			);
			path = Models;
			sourceTree = "<group>";
		};
		9EA818D5282BC5280055EE42 /* Extensions */ = {
			isa = PBXGroup;
			children = (
			);
			path = Extensions;
			sourceTree = "<group>";
		};
		9EA818D6282BC52D0055EE42 /* Feeds */ = {
			isa = PBXGroup;
			children = (
				9EA818D8282BC57C0055EE42 /* ViewModels */,
				9EA818D9282BC5850055EE42 /* Views */,
			);
			path = Feeds;
			sourceTree = "<group>";
		};
		9EA818D7282BC52F0055EE42 /* Components */ = {
			isa = PBXGroup;
			children = (
				9EA818DC282BC6050055EE42 /* Tweets */,
			);
			path = Components;
			sourceTree = "<group>";
		};
		9EA818D8282BC57C0055EE42 /* ViewModels */ = {
			isa = PBXGroup;
			children = (
			);
			path = ViewModels;
			sourceTree = "<group>";
		};
		9EA818D9282BC5850055EE42 /* Views */ = {
			isa = PBXGroup;
			children = (
				9EA818DA282BC5EC0055EE42 /* FeedView.swift */,
			);
			path = Views;
			sourceTree = "<group>";
		};
		9EA818DC282BC6050055EE42 /* Tweets */ = {
			isa = PBXGroup;
			children = (
				9EA818DD282BC63E0055EE42 /* TweetRowView.swift */,
			);
			path = Tweets;
			sourceTree = "<group>";
		};
		9EA818DF282BCF690055EE42 /* MainTab */ = {
			isa = PBXGroup;
			children = (
				9EA818E0282BCF820055EE42 /* MainTabView.swift */,
			);
			path = MainTab;
			sourceTree = "<group>";
		};
		9EA818E2282BD41B0055EE42 /* Messages */ = {
			isa = PBXGroup;
			children = (
				9EA818E8282BD5260055EE42 /* MessagesView.swift */,
			);
			path = Messages;
			sourceTree = "<group>";
		};
		9EA818E3282BD4260055EE42 /* Explore */ = {
			isa = PBXGroup;
			children = (
				9EA818E6282BD5090055EE42 /* ExploreView.swift */,
			);
			path = Explore;
			sourceTree = "<group>";
		};
		9EA818E4282BD42B0055EE42 /* Profile */ = {
			isa = PBXGroup;
			children = (
				9EA818EF282BD90B0055EE42 /* ViewModel */,
				9EA818EE282BD9040055EE42 /* View */,
			);
			path = Profile;
			sourceTree = "<group>";
		};
		9EA818E5282BD46A0055EE42 /* Notifications */ = {
			isa = PBXGroup;
			children = (
				9EA818EC282BD5490055EE42 /* NotificationView.swift */,
			);
			path = Notifications;
			sourceTree = "<group>";
		};
		9EA818EE282BD9040055EE42 /* View */ = {
			isa = PBXGroup;
			children = (
				9EA818EA282BD5390055EE42 /* ProfileView.swift */,
			);
			path = View;
			sourceTree = "<group>";
		};
		9EA818EF282BD90B0055EE42 /* ViewModel */ = {
			isa = PBXGroup;
			children = (
			);
			path = ViewModel;
			sourceTree = "<group>";
		};
/* End PBXGroup section */

/* Begin PBXNativeTarget section */
		9EA818A4282BC4E20055EE42 /* Twitter Clone */ = {
			isa = PBXNativeTarget;
			buildConfigurationList = 9EA818C9282BC4E30055EE42 /* Build configuration list for PBXNativeTarget "Twitter Clone" */;
			buildPhases = (
				9EA818A1282BC4E20055EE42 /* Sources */,
				9EA818A2282BC4E20055EE42 /* Frameworks */,
				9EA818A3282BC4E20055EE42 /* Resources */,
			);
			buildRules = (
			);
			dependencies = (
			);
			name = "Twitter Clone";
			productName = "Twitter Clone";
			productReference = 9EA818A5282BC4E20055EE42 /* Twitter Clone.app */;
			productType = "com.apple.product-type.application";
		};
		9EA818B4282BC4E30055EE42 /* Twitter CloneTests */ = {
			isa = PBXNativeTarget;
			buildConfigurationList = 9EA818CC282BC4E30055EE42 /* Build configuration list for PBXNativeTarget "Twitter CloneTests" */;
			buildPhases = (
				9EA818B1282BC4E30055EE42 /* Sources */,
				9EA818B2282BC4E30055EE42 /* Frameworks */,
				9EA818B3282BC4E30055EE42 /* Resources */,
			);
			buildRules = (
			);
			dependencies = (
				9EA818B7282BC4E30055EE42 /* PBXTargetDependency */,
			);
			name = "Twitter CloneTests";
			productName = "Twitter CloneTests";
			productReference = 9EA818B5282BC4E30055EE42 /* Twitter CloneTests.xctest */;
			productType = "com.apple.product-type.bundle.unit-test";
		};
		9EA818BE282BC4E30055EE42 /* Twitter CloneUITests */ = {
			isa = PBXNativeTarget;
			buildConfigurationList = 9EA818CF282BC4E30055EE42 /* Build configuration list for PBXNativeTarget "Twitter CloneUITests" */;
			buildPhases = (
				9EA818BB282BC4E30055EE42 /* Sources */,
				9EA818BC282BC4E30055EE42 /* Frameworks */,
				9EA818BD282BC4E30055EE42 /* Resources */,
			);
			buildRules = (
			);
			dependencies = (
				9EA818C1282BC4E30055EE42 /* PBXTargetDependency */,
			);
			name = "Twitter CloneUITests";
			productName = "Twitter CloneUITests";
			productReference = 9EA818BF282BC4E30055EE42 /* Twitter CloneUITests.xctest */;
			productType = "com.apple.product-type.bundle.ui-testing";
		};
/* End PBXNativeTarget section */

/* Begin PBXProject section */
		9EA8189D282BC4E20055EE42 /* Project object */ = {
			isa = PBXProject;
			attributes = {
				BuildIndependentTargetsInParallel = 1;
				LastSwiftUpdateCheck = 1330;
				LastUpgradeCheck = 1330;
				TargetAttributes = {
					9EA818A4282BC4E20055EE42 = {
						CreatedOnToolsVersion = 13.3.1;
					};
					9EA818B4282BC4E30055EE42 = {
						CreatedOnToolsVersion = 13.3.1;
						TestTargetID = 9EA818A4282BC4E20055EE42;
					};
					9EA818BE282BC4E30055EE42 = {
						CreatedOnToolsVersion = 13.3.1;
						TestTargetID = 9EA818A4282BC4E20055EE42;
					};
				};
			};
			buildConfigurationList = 9EA818A0282BC4E20055EE42 /* Build configuration list for PBXProject "Twitter Clone" */;
			compatibilityVersion = "Xcode 13.0";
			developmentRegion = en;
			hasScannedForEncodings = 0;
			knownRegions = (
				en,
				Base,
			);
			mainGroup = 9EA8189C282BC4E20055EE42;
			productRefGroup = 9EA818A6282BC4E20055EE42 /* Products */;
			projectDirPath = "";
			projectRoot = "";
			targets = (
				9EA818A4282BC4E20055EE42 /* Twitter Clone */,
				9EA818B4282BC4E30055EE42 /* Twitter CloneTests */,
				9EA818BE282BC4E30055EE42 /* Twitter CloneUITests */,
			);
		};
/* End PBXProject section */

/* Begin PBXResourcesBuildPhase section */
		9EA818A3282BC4E20055EE42 /* Resources */ = {
			isa = PBXResourcesBuildPhase;
			buildActionMask = 2147483647;
			files = (
				9EA818B0282BC4E30055EE42 /* Preview Assets.xcassets in Resources */,
				9EA818AD282BC4E30055EE42 /* Assets.xcassets in Resources */,
			);
			runOnlyForDeploymentPostprocessing = 0;
		};
		9EA818B3282BC4E30055EE42 /* Resources */ = {
			isa = PBXResourcesBuildPhase;
			buildActionMask = 2147483647;
			files = (
			);
			runOnlyForDeploymentPostprocessing = 0;
		};
		9EA818BD282BC4E30055EE42 /* Resources */ = {
			isa = PBXResourcesBuildPhase;
			buildActionMask = 2147483647;
			files = (
			);
			runOnlyForDeploymentPostprocessing = 0;
		};
/* End PBXResourcesBuildPhase section */

/* Begin PBXSourcesBuildPhase section */
		9EA818A1282BC4E20055EE42 /* Sources */ = {
			isa = PBXSourcesBuildPhase;
			buildActionMask = 2147483647;
			files = (
				9EA818EB282BD5390055EE42 /* ProfileView.swift in Sources */,
				9EA818AB282BC4E20055EE42 /* ContentView.swift in Sources */,
				9EA818DE282BC63E0055EE42 /* TweetRowView.swift in Sources */,
				9EA818DB282BC5EC0055EE42 /* FeedView.swift in Sources */,
				9EA818A9282BC4E20055EE42 /* Twitter_CloneApp.swift in Sources */,
				9EA818E9282BD5260055EE42 /* MessagesView.swift in Sources */,
				9EA818E7282BD5090055EE42 /* ExploreView.swift in Sources */,
				9EA818E1282BCF820055EE42 /* MainTabView.swift in Sources */,
				9EA818ED282BD5490055EE42 /* NotificationView.swift in Sources */,
			);
			runOnlyForDeploymentPostprocessing = 0;
		};
		9EA818B1282BC4E30055EE42 /* Sources */ = {
			isa = PBXSourcesBuildPhase;
			buildActionMask = 2147483647;
			files = (
				9EA818BA282BC4E30055EE42 /* Twitter_CloneTests.swift in Sources */,
			);
			runOnlyForDeploymentPostprocessing = 0;
		};
		9EA818BB282BC4E30055EE42 /* Sources */ = {
			isa = PBXSourcesBuildPhase;
			buildActionMask = 2147483647;
			files = (
				9EA818C6282BC4E30055EE42 /* Twitter_CloneUITestsLaunchTests.swift in Sources */,
				9EA818C4282BC4E30055EE42 /* Twitter_CloneUITests.swift in Sources */,
			);
			runOnlyForDeploymentPostprocessing = 0;
		};
/* End PBXSourcesBuildPhase section */

/* Begin PBXTargetDependency section */
		9EA818B7282BC4E30055EE42 /* PBXTargetDependency */ = {
			isa = PBXTargetDependency;
			target = 9EA818A4282BC4E20055EE42 /* Twitter Clone */;
			targetProxy = 9EA818B6282BC4E30055EE42 /* PBXContainerItemProxy */;
		};
		9EA818C1282BC4E30055EE42 /* PBXTargetDependency */ = {
			isa = PBXTargetDependency;
			target = 9EA818A4282BC4E20055EE42 /* Twitter Clone */;
			targetProxy = 9EA818C0282BC4E30055EE42 /* PBXContainerItemProxy */;
		};
/* End PBXTargetDependency section */

/* Begin XCBuildConfiguration section */
		9EA818C7282BC4E30055EE42 /* Debug */ = {
			isa = XCBuildConfiguration;
			buildSettings = {
				ALWAYS_SEARCH_USER_PATHS = NO;
				CLANG_ANALYZER_NONNULL = YES;
				CLANG_ANALYZER_NUMBER_OBJECT_CONVERSION = YES_AGGRESSIVE;
				CLANG_CXX_LANGUAGE_STANDARD = "gnu++17";
				CLANG_ENABLE_MODULES = YES;
				CLANG_ENABLE_OBJC_ARC = YES;
				CLANG_ENABLE_OBJC_WEAK = YES;
				CLANG_WARN_BLOCK_CAPTURE_AUTORELEASING = YES;
				CLANG_WARN_BOOL_CONVERSION = YES;
				CLANG_WARN_COMMA = YES;
				CLANG_WARN_CONSTANT_CONVERSION = YES;
				CLANG_WARN_DEPRECATED_OBJC_IMPLEMENTATIONS = YES;
				CLANG_WARN_DIRECT_OBJC_ISA_USAGE = YES_ERROR;
				CLANG_WARN_DOCUMENTATION_COMMENTS = YES;
				CLANG_WARN_EMPTY_BODY = YES;
				CLANG_WARN_ENUM_CONVERSION = YES;
				CLANG_WARN_INFINITE_RECURSION = YES;
				CLANG_WARN_INT_CONVERSION = YES;
				CLANG_WARN_NON_LITERAL_NULL_CONVERSION = YES;
				CLANG_WARN_OBJC_IMPLICIT_RETAIN_SELF = YES;
				CLANG_WARN_OBJC_LITERAL_CONVERSION = YES;
				CLANG_WARN_OBJC_ROOT_CLASS = YES_ERROR;
				CLANG_WARN_QUOTED_INCLUDE_IN_FRAMEWORK_HEADER = YES;
				CLANG_WARN_RANGE_LOOP_ANALYSIS = YES;
				CLANG_WARN_STRICT_PROTOTYPES = YES;
				CLANG_WARN_SUSPICIOUS_MOVE = YES;
				CLANG_WARN_UNGUARDED_AVAILABILITY = YES_AGGRESSIVE;
				CLANG_WARN_UNREACHABLE_CODE = YES;
				CLANG_WARN__DUPLICATE_METHOD_MATCH = YES;
				COPY_PHASE_STRIP = NO;
				DEBUG_INFORMATION_FORMAT = dwarf;
				ENABLE_STRICT_OBJC_MSGSEND = YES;
				ENABLE_TESTABILITY = YES;
				GCC_C_LANGUAGE_STANDARD = gnu11;
				GCC_DYNAMIC_NO_PIC = NO;
				GCC_NO_COMMON_BLOCKS = YES;
				GCC_OPTIMIZATION_LEVEL = 0;
				GCC_PREPROCESSOR_DEFINITIONS = (
					"DEBUG=1",
					"$(inherited)",
				);
				GCC_WARN_64_TO_32_BIT_CONVERSION = YES;
				GCC_WARN_ABOUT_RETURN_TYPE = YES_ERROR;
				GCC_WARN_UNDECLARED_SELECTOR = YES;
				GCC_WARN_UNINITIALIZED_AUTOS = YES_AGGRESSIVE;
				GCC_WARN_UNUSED_FUNCTION = YES;
				GCC_WARN_UNUSED_VARIABLE = YES;
				IPHONEOS_DEPLOYMENT_TARGET = 15.4;
				MTL_ENABLE_DEBUG_INFO = INCLUDE_SOURCE;
				MTL_FAST_MATH = YES;
				ONLY_ACTIVE_ARCH = YES;
				SDKROOT = iphoneos;
				SWIFT_ACTIVE_COMPILATION_CONDITIONS = DEBUG;
				SWIFT_OPTIMIZATION_LEVEL = "-Onone";
			};
			name = Debug;
		};
		9EA818C8282BC4E30055EE42 /* Release */ = {
			isa = XCBuildConfiguration;
			buildSettings = {
				ALWAYS_SEARCH_USER_PATHS = NO;
				CLANG_ANALYZER_NONNULL = YES;
				CLANG_ANALYZER_NUMBER_OBJECT_CONVERSION = YES_AGGRESSIVE;
				CLANG_CXX_LANGUAGE_STANDARD = "gnu++17";
				CLANG_ENABLE_MODULES = YES;
				CLANG_ENABLE_OBJC_ARC = YES;
				CLANG_ENABLE_OBJC_WEAK = YES;
				CLANG_WARN_BLOCK_CAPTURE_AUTORELEASING = YES;
				CLANG_WARN_BOOL_CONVERSION = YES;
				CLANG_WARN_COMMA = YES;
				CLANG_WARN_CONSTANT_CONVERSION = YES;
				CLANG_WARN_DEPRECATED_OBJC_IMPLEMENTATIONS = YES;
				CLANG_WARN_DIRECT_OBJC_ISA_USAGE = YES_ERROR;
				CLANG_WARN_DOCUMENTATION_COMMENTS = YES;
				CLANG_WARN_EMPTY_BODY = YES;
				CLANG_WARN_ENUM_CONVERSION = YES;
				CLANG_WARN_INFINITE_RECURSION = YES;
				CLANG_WARN_INT_CONVERSION = YES;
				CLANG_WARN_NON_LITERAL_NULL_CONVERSION = YES;
				CLANG_WARN_OBJC_IMPLICIT_RETAIN_SELF = YES;
				CLANG_WARN_OBJC_LITERAL_CONVERSION = YES;
				CLANG_WARN_OBJC_ROOT_CLASS = YES_ERROR;
				CLANG_WARN_QUOTED_INCLUDE_IN_FRAMEWORK_HEADER = YES;
				CLANG_WARN_RANGE_LOOP_ANALYSIS = YES;
				CLANG_WARN_STRICT_PROTOTYPES = YES;
				CLANG_WARN_SUSPICIOUS_MOVE = YES;
				CLANG_WARN_UNGUARDED_AVAILABILITY = YES_AGGRESSIVE;
				CLANG_WARN_UNREACHABLE_CODE = YES;
				CLANG_WARN__DUPLICATE_METHOD_MATCH = YES;
				COPY_PHASE_STRIP = NO;
				DEBUG_INFORMATION_FORMAT = "dwarf-with-dsym";
				ENABLE_NS_ASSERTIONS = NO;
				ENABLE_STRICT_OBJC_MSGSEND = YES;
				GCC_C_LANGUAGE_STANDARD = gnu11;
				GCC_NO_COMMON_BLOCKS = YES;
				GCC_WARN_64_TO_32_BIT_CONVERSION = YES;
				GCC_WARN_ABOUT_RETURN_TYPE = YES_ERROR;
				GCC_WARN_UNDECLARED_SELECTOR = YES;
				GCC_WARN_UNINITIALIZED_AUTOS = YES_AGGRESSIVE;
				GCC_WARN_UNUSED_FUNCTION = YES;
				GCC_WARN_UNUSED_VARIABLE = YES;
				IPHONEOS_DEPLOYMENT_TARGET = 15.4;
				MTL_ENABLE_DEBUG_INFO = NO;
				MTL_FAST_MATH = YES;
				SDKROOT = iphoneos;
				SWIFT_COMPILATION_MODE = wholemodule;
				SWIFT_OPTIMIZATION_LEVEL = "-O";
				VALIDATE_PRODUCT = YES;
			};
			name = Release;
		};
		9EA818CA282BC4E30055EE42 /* Debug */ = {
			isa = XCBuildConfiguration;
			buildSettings = {
				ASSETCATALOG_COMPILER_APPICON_NAME = AppIcon;
				ASSETCATALOG_COMPILER_GLOBAL_ACCENT_COLOR_NAME = AccentColor;
				CODE_SIGN_STYLE = Automatic;
				CURRENT_PROJECT_VERSION = 1;
				DEVELOPMENT_ASSET_PATHS = "\"Twitter Clone/Preview Content\"";
				ENABLE_PREVIEWS = YES;
				GENERATE_INFOPLIST_FILE = YES;
				INFOPLIST_KEY_UIApplicationSceneManifest_Generation = YES;
				INFOPLIST_KEY_UIApplicationSupportsIndirectInputEvents = YES;
				INFOPLIST_KEY_UILaunchScreen_Generation = YES;
				INFOPLIST_KEY_UISupportedInterfaceOrientations_iPad = "UIInterfaceOrientationPortrait UIInterfaceOrientationPortraitUpsideDown UIInterfaceOrientationLandscapeLeft UIInterfaceOrientationLandscapeRight";
				INFOPLIST_KEY_UISupportedInterfaceOrientations_iPhone = "UIInterfaceOrientationPortrait UIInterfaceOrientationLandscapeLeft UIInterfaceOrientationLandscapeRight";
				LD_RUNPATH_SEARCH_PATHS = (
					"$(inherited)",
					"@executable_path/Frameworks",
				);
				MARKETING_VERSION = 1.0;
				PRODUCT_BUNDLE_IDENTIFIER = "jr.hafeez.Twitter-Clone";
				PRODUCT_NAME = "$(TARGET_NAME)";
				SWIFT_EMIT_LOC_STRINGS = YES;
				SWIFT_VERSION = 5.0;
				TARGETED_DEVICE_FAMILY = "1,2";
			};
			name = Debug;
		};
		9EA818CB282BC4E30055EE42 /* Release */ = {
			isa = XCBuildConfiguration;
			buildSettings = {
				ASSETCATALOG_COMPILER_APPICON_NAME = AppIcon;
				ASSETCATALOG_COMPILER_GLOBAL_ACCENT_COLOR_NAME = AccentColor;
				CODE_SIGN_STYLE = Automatic;
				CURRENT_PROJECT_VERSION = 1;
				DEVELOPMENT_ASSET_PATHS = "\"Twitter Clone/Preview Content\"";
				ENABLE_PREVIEWS = YES;
				GENERATE_INFOPLIST_FILE = YES;
				INFOPLIST_KEY_UIApplicationSceneManifest_Generation = YES;
				INFOPLIST_KEY_UIApplicationSupportsIndirectInputEvents = YES;
				INFOPLIST_KEY_UILaunchScreen_Generation = YES;
				INFOPLIST_KEY_UISupportedInterfaceOrientations_iPad = "UIInterfaceOrientationPortrait UIInterfaceOrientationPortraitUpsideDown UIInterfaceOrientationLandscapeLeft UIInterfaceOrientationLandscapeRight";
				INFOPLIST_KEY_UISupportedInterfaceOrientations_iPhone = "UIInterfaceOrientationPortrait UIInterfaceOrientationLandscapeLeft UIInterfaceOrientationLandscapeRight";
				LD_RUNPATH_SEARCH_PATHS = (
					"$(inherited)",
					"@executable_path/Frameworks",
				);
				MARKETING_VERSION = 1.0;
				PRODUCT_BUNDLE_IDENTIFIER = "jr.hafeez.Twitter-Clone";
				PRODUCT_NAME = "$(TARGET_NAME)";
				SWIFT_EMIT_LOC_STRINGS = YES;
				SWIFT_VERSION = 5.0;
				TARGETED_DEVICE_FAMILY = "1,2";
			};
			name = Release;
		};
		9EA818CD282BC4E30055EE42 /* Debug */ = {
			isa = XCBuildConfiguration;
			buildSettings = {
				ALWAYS_EMBED_SWIFT_STANDARD_LIBRARIES = YES;
				BUNDLE_LOADER = "$(TEST_HOST)";
				CODE_SIGN_STYLE = Automatic;
				CURRENT_PROJECT_VERSION = 1;
				GENERATE_INFOPLIST_FILE = YES;
				IPHONEOS_DEPLOYMENT_TARGET = 15.4;
				MARKETING_VERSION = 1.0;
				PRODUCT_BUNDLE_IDENTIFIER = "jr.hafeez.Twitter-CloneTests";
				PRODUCT_NAME = "$(TARGET_NAME)";
				SWIFT_EMIT_LOC_STRINGS = NO;
				SWIFT_VERSION = 5.0;
				TARGETED_DEVICE_FAMILY = "1,2";
				TEST_HOST = "$(BUILT_PRODUCTS_DIR)/Twitter Clone.app/Twitter Clone";
			};
			name = Debug;
		};
		9EA818CE282BC4E30055EE42 /* Release */ = {
			isa = XCBuildConfiguration;
			buildSettings = {
				ALWAYS_EMBED_SWIFT_STANDARD_LIBRARIES = YES;
				BUNDLE_LOADER = "$(TEST_HOST)";
				CODE_SIGN_STYLE = Automatic;
				CURRENT_PROJECT_VERSION = 1;
				GENERATE_INFOPLIST_FILE = YES;
				IPHONEOS_DEPLOYMENT_TARGET = 15.4;
				MARKETING_VERSION = 1.0;
				PRODUCT_BUNDLE_IDENTIFIER = "jr.hafeez.Twitter-CloneTests";
				PRODUCT_NAME = "$(TARGET_NAME)";
				SWIFT_EMIT_LOC_STRINGS = NO;
				SWIFT_VERSION = 5.0;
				TARGETED_DEVICE_FAMILY = "1,2";
				TEST_HOST = "$(BUILT_PRODUCTS_DIR)/Twitter Clone.app/Twitter Clone";
			};
			name = Release;
		};
		9EA818D0282BC4E30055EE42 /* Debug */ = {
			isa = XCBuildConfiguration;
			buildSettings = {
				ALWAYS_EMBED_SWIFT_STANDARD_LIBRARIES = YES;
				CODE_SIGN_STYLE = Automatic;
				CURRENT_PROJECT_VERSION = 1;
				GENERATE_INFOPLIST_FILE = YES;
				MARKETING_VERSION = 1.0;
				PRODUCT_BUNDLE_IDENTIFIER = "jr.hafeez.Twitter-CloneUITests";
				PRODUCT_NAME = "$(TARGET_NAME)";
				SWIFT_EMIT_LOC_STRINGS = NO;
				SWIFT_VERSION = 5.0;
				TARGETED_DEVICE_FAMILY = "1,2";
				TEST_TARGET_NAME = "Twitter Clone";
			};
			name = Debug;
		};
		9EA818D1282BC4E30055EE42 /* Release */ = {
			isa = XCBuildConfiguration;
			buildSettings = {
				ALWAYS_EMBED_SWIFT_STANDARD_LIBRARIES = YES;
				CODE_SIGN_STYLE = Automatic;
				CURRENT_PROJECT_VERSION = 1;
				GENERATE_INFOPLIST_FILE = YES;
				MARKETING_VERSION = 1.0;
				PRODUCT_BUNDLE_IDENTIFIER = "jr.hafeez.Twitter-CloneUITests";
				PRODUCT_NAME = "$(TARGET_NAME)";
				SWIFT_EMIT_LOC_STRINGS = NO;
				SWIFT_VERSION = 5.0;
				TARGETED_DEVICE_FAMILY = "1,2";
				TEST_TARGET_NAME = "Twitter Clone";
			};
			name = Release;
		};
/* End XCBuildConfiguration section */

/* Begin XCConfigurationList section */
		9EA818A0282BC4E20055EE42 /* Build configuration list for PBXProject "Twitter Clone" */ = {
			isa = XCConfigurationList;
			buildConfigurations = (
				9EA818C7282BC4E30055EE42 /* Debug */,
				9EA818C8282BC4E30055EE42 /* Release */,
			);
			defaultConfigurationIsVisible = 0;
			defaultConfigurationName = Release;
		};
		9EA818C9282BC4E30055EE42 /* Build configuration list for PBXNativeTarget "Twitter Clone" */ = {
			isa = XCConfigurationList;
			buildConfigurations = (
				9EA818CA282BC4E30055EE42 /* Debug */,
				9EA818CB282BC4E30055EE42 /* Release */,
			);
			defaultConfigurationIsVisible = 0;
			defaultConfigurationName = Release;
		};
		9EA818CC282BC4E30055EE42 /* Build configuration list for PBXNativeTarget "Twitter CloneTests" */ = {
			isa = XCConfigurationList;
			buildConfigurations = (
				9EA818CD282BC4E30055EE42 /* Debug */,
				9EA818CE282BC4E30055EE42 /* Release */,
			);
			defaultConfigurationIsVisible = 0;
			defaultConfigurationName = Release;
		};
		9EA818CF282BC4E30055EE42 /* Build configuration list for PBXNativeTarget "Twitter CloneUITests" */ = {
			isa = XCConfigurationList;
			buildConfigurations = (
				9EA818D0282BC4E30055EE42 /* Debug */,
				9EA818D1282BC4E30055EE42 /* Release */,
			);
			defaultConfigurationIsVisible = 0;
			defaultConfigurationName = Release;
		};
/* End XCConfigurationList section */
	};
	rootObject = 9EA8189D282BC4E20055EE42 /* Project object */;
}
